
Microsoft Visual Studio Solution File, Format Version 12.00
# Visual Studio Version 17
VisualStudioVersion = 17.0.31903.59
MinimumVisualStudioVersion = 10.0.40219.1
Project("{2150E333-8FDC-42A3-9474-1A3956D46DE8}") = "src", "src", "{827E0CD3-B72D-47B6-A68D-7590B98EB39B}"
EndProject
Project("{FAE04EC0-301F-11D3-BF4B-00C04F79EFBC}") = "Torres.Client", "src\Torres.Client\Torres.Client.csproj", "{C75F2B2E-1A6D-4020-B77A-8AD6C9609182}"
EndProject
Project("{2150E333-8FDC-42A3-9474-1A3956D46DE8}") = "examples", "examples", "{B36A84DF-456D-A817-6EDD-3EC3E7F6E11F}"
EndProject
Project("{FAE04EC0-301F-11D3-BF4B-00C04F79EFBC}") = "Torres.LocalizationExample", "examples\Torres.LocalizationExample\Torres.LocalizationExample.csproj", "{EE8E3BAC-EE32-45FD-84B5-D4FE22E5F950}"
EndProject
Project("{FAE04EC0-301F-11D3-BF4B-00C04F79EFBC}") = "Torres.MyraSpike", "examples\Torres.MyraSpike\Torres.MyraSpike.csproj", "{2A89F724-7958-4C8F-AB65-DEC6C05A557A}"
EndProject
Project("{FAE04EC0-301F-11D3-BF4B-00C04F79EFBC}") = "Game.Contracts", "src\Game.Contracts\Game.Contracts.csproj", "{B2A612E3-AA02-44BA-9D10-549075314E3D}"
EndProject
Project("{FAE04EC0-301F-11D3-BF4B-00C04F79EFBC}") = "Game.Services", "src\Game.Services\Game.Services.csproj", "{93E931F6-8F7D-4053-B7ED-424F7D672162}"
EndProject
Global
	GlobalSection(SolutionConfigurationPlatforms) = preSolution
		Debug|Any CPU = Debug|Any CPU
		Debug|x64 = Debug|x64
		Debug|x86 = Debug|x86
		Release|Any CPU = Release|Any CPU
		Release|x64 = Release|x64
		Release|x86 = Release|x86
	EndGlobalSection
	GlobalSection(ProjectConfigurationPlatforms) = postSolution
		{C75F2B2E-1A6D-4020-B77A-8AD6C9609182}.Debug|Any CPU.ActiveCfg = Debug|Any CPU
		{C75F2B2E-1A6D-4020-B77A-8AD6C9609182}.Debug|Any CPU.Build.0 = Debug|Any CPU
		{C75F2B2E-1A6D-4020-B77A-8AD6C9609182}.Debug|x64.ActiveCfg = Debug|Any CPU
		{C75F2B2E-1A6D-4020-B77A-8AD6C9609182}.Debug|x64.Build.0 = Debug|Any CPU
		{C75F2B2E-1A6D-4020-B77A-8AD6C9609182}.Debug|x86.ActiveCfg = Debug|Any CPU
		{C75F2B2E-1A6D-4020-B77A-8AD6C9609182}.Debug|x86.Build.0 = Debug|Any CPU
		{C75F2B2E-1A6D-4020-B77A-8AD6C9609182}.Release|Any CPU.ActiveCfg = Release|Any CPU
		{C75F2B2E-1A6D-4020-B77A-8AD6C9609182}.Release|Any CPU.Build.0 = Release|Any CPU
		{C75F2B2E-1A6D-4020-B77A-8AD6C9609182}.Release|x64.ActiveCfg = Release|Any CPU
		{C75F2B2E-1A6D-4020-B77A-8AD6C9609182}.Release|x64.Build.0 = Release|Any CPU
		{C75F2B2E-1A6D-4020-B77A-8AD6C9609182}.Release|x86.ActiveCfg = Release|Any CPU
		{C75F2B2E-1A6D-4020-B77A-8AD6C9609182}.Release|x86.Build.0 = Release|Any CPU
		{EE8E3BAC-EE32-45FD-84B5-D4FE22E5F950}.Debug|Any CPU.ActiveCfg = Debug|Any CPU
		{EE8E3BAC-EE32-45FD-84B5-D4FE22E5F950}.Debug|Any CPU.Build.0 = Debug|Any CPU
		{EE8E3BAC-EE32-45FD-84B5-D4FE22E5F950}.Debug|x64.ActiveCfg = Debug|Any CPU
		{EE8E3BAC-EE32-45FD-84B5-D4FE22E5F950}.Debug|x64.Build.0 = Debug|Any CPU
		{EE8E3BAC-EE32-45FD-84B5-D4FE22E5F950}.Debug|x86.ActiveCfg = Debug|Any CPU
		{EE8E3BAC-EE32-45FD-84B5-D4FE22E5F950}.Debug|x86.Build.0 = Debug|Any CPU
		{EE8E3BAC-EE32-45FD-84B5-D4FE22E5F950}.Release|Any CPU.ActiveCfg = Release|Any CPU
		{EE8E3BAC-EE32-45FD-84B5-D4FE22E5F950}.Release|Any CPU.Build.0 = Release|Any CPU
		{EE8E3BAC-EE32-45FD-84B5-D4FE22E5F950}.Release|x64.ActiveCfg = Release|Any CPU
		{EE8E3BAC-EE32-45FD-84B5-D4FE22E5F950}.Release|x64.Build.0 = Release|Any CPU
		{EE8E3BAC-EE32-45FD-84B5-D4FE22E5F950}.Release|x86.ActiveCfg = Release|Any CPU
		{EE8E3BAC-EE32-45FD-84B5-D4FE22E5F950}.Release|x86.Build.0 = Release|Any CPU
		{2A89F724-7958-4C8F-AB65-DEC6C05A557A}.Debug|Any CPU.ActiveCfg = Debug|Any CPU
		{2A89F724-7958-4C8F-AB65-DEC6C05A557A}.Debug|Any CPU.Build.0 = Debug|Any CPU
		{2A89F724-7958-4C8F-AB65-DEC6C05A557A}.Debug|x64.ActiveCfg = Debug|Any CPU
		{2A89F724-7958-4C8F-AB65-DEC6C05A557A}.Debug|x64.Build.0 = Debug|Any CPU
		{2A89F724-7958-4C8F-AB65-DEC6C05A557A}.Debug|x86.ActiveCfg = Debug|Any CPU
		{2A89F724-7958-4C8F-AB65-DEC6C05A557A}.Debug|x86.Build.0 = Debug|Any CPU
		{2A89F724-7958-4C8F-AB65-DEC6C05A557A}.Release|Any CPU.ActiveCfg = Release|Any CPU
		{2A89F724-7958-4C8F-AB65-DEC6C05A557A}.Release|Any CPU.Build.0 = Release|Any CPU
		{2A89F724-7958-4C8F-AB65-DEC6C05A557A}.Release|x64.ActiveCfg = Release|Any CPU
		{2A89F724-7958-4C8F-AB65-DEC6C05A557A}.Release|x64.Build.0 = Release|Any CPU
		{2A89F724-7958-4C8F-AB65-DEC6C05A557A}.Release|x86.ActiveCfg = Release|Any CPU
		{2A89F724-7958-4C8F-AB65-DEC6C05A557A}.Release|x86.Build.0 = Release|Any CPU
		{B2A612E3-AA02-44BA-9D10-549075314E3D}.Debug|Any CPU.ActiveCfg = Debug|Any CPU
		{B2A612E3-AA02-44BA-9D10-549075314E3D}.Debug|Any CPU.Build.0 = Debug|Any CPU
		{B2A612E3-AA02-44BA-9D10-549075314E3D}.Debug|x64.ActiveCfg = Debug|Any CPU
		{B2A612E3-AA02-44BA-9D10-549075314E3D}.Debug|x64.Build.0 = Debug|Any CPU
		{B2A612E3-AA02-44BA-9D10-549075314E3D}.Debug|x86.ActiveCfg = Debug|Any CPU
		{B2A612E3-AA02-44BA-9D10-549075314E3D}.Debug|x86.Build.0 = Debug|Any CPU
		{B2A612E3-AA02-44BA-9D10-549075314E3D}.Release|Any CPU.ActiveCfg = Release|Any CPU
		{B2A612E3-AA02-44BA-9D10-549075314E3D}.Release|Any CPU.Build.0 = Release|Any CPU
		{B2A612E3-AA02-44BA-9D10-549075314E3D}.Release|x64.ActiveCfg = Release|Any CPU
		{B2A612E3-AA02-44BA-9D10-549075314E3D}.Release|x64.Build.0 = Release|Any CPU
		{B2A612E3-AA02-44BA-9D10-549075314E3D}.Release|x86.ActiveCfg = Release|Any CPU
		{B2A612E3-AA02-44BA-9D10-549075314E3D}.Release|x86.Build.0 = Release|Any CPU
		{93E931F6-8F7D-4053-B7ED-424F7D672162}.Debug|Any CPU.ActiveCfg = Debug|Any CPU
		{93E931F6-8F7D-4053-B7ED-424F7D672162}.Debug|Any CPU.Build.0 = Debug|Any CPU
		{93E931F6-8F7D-4053-B7ED-424F7D672162}.Debug|x64.ActiveCfg = Debug|Any CPU
		{93E931F6-8F7D-4053-B7ED-424F7D672162}.Debug|x64.Build.0 = Debug|Any CPU
		{93E931F6-8F7D-4053-B7ED-424F7D672162}.Debug|x86.ActiveCfg = Debug|Any CPU
		{93E931F6-8F7D-4053-B7ED-424F7D672162}.Debug|x86.Build.0 = Debug|Any CPU
		{93E931F6-8F7D-4053-B7ED-424F7D672162}.Release|Any CPU.ActiveCfg = Release|Any CPU
		{93E931F6-8F7D-4053-B7ED-424F7D672162}.Release|Any CPU.Build.0 = Release|Any CPU
		{93E931F6-8F7D-4053-B7ED-424F7D672162}.Release|x64.ActiveCfg = Release|Any CPU
		{93E931F6-8F7D-4053-B7ED-424F7D672162}.Release|x64.Build.0 = Release|Any CPU
		{93E931F6-8F7D-4053-B7ED-424F7D672162}.Release|x86.ActiveCfg = Release|Any CPU
		{93E931F6-8F7D-4053-B7ED-424F7D672162}.Release|x86.Build.0 = Release|Any CPU
	EndGlobalSection
	GlobalSection(SolutionProperties) = preSolution
		HideSolutionNode = FALSE
	EndGlobalSection
	GlobalSection(NestedProjects) = preSolution
		{C75F2B2E-1A6D-4020-B77A-8AD6C9609182} = {827E0CD3-B72D-47B6-A68D-7590B98EB39B}
		{EE8E3BAC-EE32-45FD-84B5-D4FE22E5F950} = {B36A84DF-456D-A817-6EDD-3EC3E7F6E11F}
		{2A89F724-7958-4C8F-AB65-DEC6C05A557A} = {B36A84DF-456D-A817-6EDD-3EC3E7F6E11F}
		{B2A612E3-AA02-44BA-9D10-549075314E3D} = {827E0CD3-B72D-47B6-A68D-7590B98EB39B}
		{93E931F6-8F7D-4053-B7ED-424F7D672162} = {827E0CD3-B72D-47B6-A68D-7590B98EB39B}
	EndGlobalSection
EndGlobal
